
Microsoft Visual Studio Solution File, Format Version 12.00
# Visual Studio for Mac
Project("{FAE04EC0-301F-11D3-BF4B-00C04F79EFBC}") = "Script tester", "Assembly-CSharp.csproj", "{0C6928E3-7BF6-4A5B-FE10-39A578D73EF5}"
EndProject
Project("{FAE04EC0-301F-11D3-BF4B-00C04F79EFBC}") = "Script tester", "Assembly-CSharp-Editor.csproj", "{F408FFB5-CDBC-3355-2AAF-84FA4D451637}"
EndProject
Global
	GlobalSection(SolutionConfigurationPlatforms) = preSolution
		Debug|Any CPU = Debug|Any CPU
		Release|Any CPU = Release|Any CPU
	EndGlobalSection
	GlobalSection(ProjectConfigurationPlatforms) = postSolution
		{0C6928E3-7BF6-4A5B-FE10-39A578D73EF5}.Debug|Any CPU.ActiveCfg = Debug|Any CPU
		{0C6928E3-7BF6-4A5B-FE10-39A578D73EF5}.Debug|Any CPU.Build.0 = Debug|Any CPU
		{0C6928E3-7BF6-4A5B-FE10-39A578D73EF5}.Release|Any CPU.ActiveCfg = Release|Any CPU
		{0C6928E3-7BF6-4A5B-FE10-39A578D73EF5}.Release|Any CPU.Build.0 = Release|Any CPU
		{F408FFB5-CDBC-3355-2AAF-84FA4D451637}.Debug|Any CPU.ActiveCfg = Debug|Any CPU
		{F408FFB5-CDBC-3355-2AAF-84FA4D451637}.Debug|Any CPU.Build.0 = Debug|Any CPU
		{F408FFB5-CDBC-3355-2AAF-84FA4D451637}.Release|Any CPU.ActiveCfg = Release|Any CPU
		{F408FFB5-CDBC-3355-2AAF-84FA4D451637}.Release|Any CPU.Build.0 = Release|Any CPU
	EndGlobalSection
	GlobalSection(SolutionProperties) = preSolution
		HideSolutionNode = FALSE
	EndGlobalSection
EndGlobal
