
Microsoft Visual Studio Solution File, Format Version 12.00
# Visual Studio 15
Project("{FAE04EC0-301F-11D3-BF4B-00C04F79EFBC}") = "Tester Project", "Assembly-CSharp.csproj", "{6DFD9A2E-3AD9-A012-3547-F37522C76DD5}"
EndProject
Project("{FAE04EC0-301F-11D3-BF4B-00C04F79EFBC}") = "Tester Project", "Assembly-CSharp-Editor.csproj", "{9DEADDB6-404F-3513-9189-A73920C92EE5}"
EndProject
Global
	GlobalSection(SolutionConfigurationPlatforms) = preSolution
		Debug|Any CPU = Debug|Any CPU
		Release|Any CPU = Release|Any CPU
	EndGlobalSection
	GlobalSection(ProjectConfigurationPlatforms) = postSolution
		{6DFD9A2E-3AD9-A012-3547-F37522C76DD5}.Debug|Any CPU.ActiveCfg = Debug|Any CPU
		{6DFD9A2E-3AD9-A012-3547-F37522C76DD5}.Debug|Any CPU.Build.0 = Debug|Any CPU
		{6DFD9A2E-3AD9-A012-3547-F37522C76DD5}.Release|Any CPU.ActiveCfg = Release|Any CPU
		{6DFD9A2E-3AD9-A012-3547-F37522C76DD5}.Release|Any CPU.Build.0 = Release|Any CPU
		{9DEADDB6-404F-3513-9189-A73920C92EE5}.Debug|Any CPU.ActiveCfg = Debug|Any CPU
		{9DEADDB6-404F-3513-9189-A73920C92EE5}.Debug|Any CPU.Build.0 = Debug|Any CPU
		{9DEADDB6-404F-3513-9189-A73920C92EE5}.Release|Any CPU.ActiveCfg = Release|Any CPU
		{9DEADDB6-404F-3513-9189-A73920C92EE5}.Release|Any CPU.Build.0 = Release|Any CPU
	EndGlobalSection
	GlobalSection(SolutionProperties) = preSolution
		HideSolutionNode = FALSE
	EndGlobalSection
EndGlobal
